github.com/chanxuehong/rand v0.0.0-20201110082127-2f19a1bdd973/go.mod h1:9+sJ9zvvkXC5sPjPEZM3Jpb9n2Q2VtcrGZly0UHYF5I=
github.com/chanxuehong/rand v0.0.0-20211009035549-2f07823e8e99 h1:K62Lb6bsgLOB++z/VAvRvtiEBdNCuMfmQGTGGWMdPpM=
github.com/chanxuehong/rand v0.0.0-20211009035549-2f07823e8e99/go.mod h1:9+sJ9zvvkXC5sPjPEZM3Jpb9n2Q2VtcrGZly0UHYF5I=
github.com/chanxuehong/util v0.0.0-20200304121633-ca8141845b13/go.mod h1:XEYt99iTxMqkv+gW85JX/DdUINHUe43Sbe5AtqSaDAQ=
github.com/chanxuehong/util v0.0.0-20260921115752-a054dc4ff257 h1:v8abcRCbR1YwOhLQFHXcpZjWMCPlJmyyIfTmXZM01i0=
github.com/chanxuehong/util v0.0.0-20260921115752-a054dc4ff257/go.mod h1:XEYt99iTxMqkv+gW85JX/DdUINHUe43Sbe5AtqSaDAQ=
github.com/davecgh/go-spew v1.1.1 h1:vj9j/u1bqnvCEfJOwUhtlOARqs3+rkHYY13jYWTU97c=
github.com/davecgh/go-spew v1.1.1/go.mod h1:J7Y8YcW2NihsgmVo/mv3lAwl/skON4iLHjSsI+c5H38=
github.com/hyacinthus/wechat v0.0.0-20210514030506-368540a18732 h1:flaKylldD+6OW0kF2QM7SOzMP4mXSYPBujJlOR8j0Ak=
github.com/hyacinthus/wechat v0.0.0-20210514030506-368540a18732/go.mod h1:FlsQT2n6BQXaqfqkDSX8h0HEkpFJcGSp2i7C21CPhgs=
github.com/labstack/echo/v5 v5.4.0 h1:iY674460IvSmUcj7MziL3YrgyTClghz5BpdZoKiGxR4=
github.com/labstack/echo/v5 v5.4.0/go.mod h1:4iEGNQiPPZnkfYpNR/L6fINd3NLiGWUD5+eBotFALas=
github.com/pmezard/go-difflib v1.0.0 h1:4DBwDE0NGyQoBHbLQYPwSUPoCMWR5BEzIk/f1lZbAQM=
github.com/pmezard/go-difflib v1.0.0/go.mod h1:iKH77koFhYxTK1pcRnkKkqfTogsbg7gZNVY4sRDYZ/4=
github.com/stretchr/testify v1.11.1 h1:7s2iGBzp5EwR7/aIZr8ao5+dra3wiQyKjjFuvgVKu7U=
github.com/stretchr/testify v1.11.1/go.mod h1:wZwfW3scLgRK+23gO65QZefKpKQRnfz6sD981Nm4B6U=
golang.org/x/net v0.59.0 h1:5zfYln+w5XCxwrnMMJPufRgNoXEaGxl0wo5GqPXyues=
golang.org/x/net v0.59.0/go.mod h1:2DA/G1UfVbCpQPeWTmMPGY7Cs2PkBkwu743bVX5PIVg=
golang.org/x/text v0.42.0 h1:JbOZXgfeCPU9gacVtYliJqOhD+zhrEqK4LfdpmlUZqI=
golang.org/x/text v0.42.0/go.mod h1:ojzP1Z+2QtioaF8DTtO8K5q7JWVVYwZKenzujK0Zd0E=
gopkg.in/yaml.v3 v3.0.1 h1:fxVm/GzAzEWqLHuvctI91KS9hhNmmWOoWu0XTYJS7CA=
gopkg.in/yaml.v3 v3.0.1/go.mod h1:K4uyk7z7BCEPqu6E+C64Yfv1cQ7kz7rIZviUmN+EgEM=
